
Microsoft Visual Studio Solution File, Format Version 12.00
# Visual Studio Version 17
VisualStudioVersion = 17.1.32210.238
MinimumVisualStudioVersion = 10.0.40219.1
Project("{FAE04EC0-301F-11D3-BF4B-00C04F79EFBC}") = "Beryllium", "Beryllium\Beryllium.csproj", "{46BC9BD7-471F-4905-B368-0206E16224F7}"
EndProject
Global
	GlobalSection(SolutionConfigurationPlatforms) = preSolution
		Debug|Any CPU = Debug|Any CPU
		Release|Any CPU = Release|Any CPU
	EndGlobalSection
	GlobalSection(ProjectConfigurationPlatforms) = postSolution
		{46BC9BD7-471F-4905-B368-0206E16224F7}.Debug|Any CPU.ActiveCfg = Debug|Any CPU
		{46BC9BD7-471F-4905-B368-0206E16224F7}.Debug|Any CPU.Build.0 = Debug|Any CPU
		{46BC9BD7-471F-4905-B368-0206E16224F7}.Release|Any CPU.ActiveCfg = Release|Any CPU
		{46BC9BD7-471F-4905-B368-0206E16224F7}.Release|Any CPU.Build.0 = Release|Any CPU
	EndGlobalSection
	GlobalSection(SolutionProperties) = preSolution
		HideSolutionNode = FALSE
	EndGlobalSection
	GlobalSection(ExtensibilityGlobals) = postSolution
		SolutionGuid = {661E2980-2450-4D9E-BC1E-F1F4ADC1C23B}
	EndGlobalSection
EndGlobal
